
Microsoft Visual Studio Solution File, Format Version 12.00
# Visual Studio 15
VisualStudioVersion = 15.0.28307.271
MinimumVisualStudioVersion = 10.0.40219.1
Project("{FAE04EC0-301F-11D3-BF4B-00C04F79EFBC}") = "Homework06_1", "Homework06_1\Homework06_1.csproj", "{65A4FF85-0019-40E9-BF4F-924A5F776F33}"
EndProject
Global
	GlobalSection(SolutionConfigurationPlatforms) = preSolution
		Debug|Any CPU = Debug|Any CPU
		Release|Any CPU = Release|Any CPU
	EndGlobalSection
	GlobalSection(ProjectConfigurationPlatforms) = postSolution
		{65A4FF85-0019-40E9-BF4F-924A5F776F33}.Debug|Any CPU.ActiveCfg = Debug|Any CPU
		{65A4FF85-0019-40E9-BF4F-924A5F776F33}.Debug|Any CPU.Build.0 = Debug|Any CPU
		{65A4FF85-0019-40E9-BF4F-924A5F776F33}.Release|Any CPU.ActiveCfg = Release|Any CPU
		{65A4FF85-0019-40E9-BF4F-924A5F776F33}.Release|Any CPU.Build.0 = Release|Any CPU
	EndGlobalSection
	GlobalSection(SolutionProperties) = preSolution
		HideSolutionNode = FALSE
	EndGlobalSection
	GlobalSection(ExtensibilityGlobals) = postSolution
		SolutionGuid = {8CD1167A-FC15-48C8-8D1E-656CA9628E09}
	EndGlobalSection
EndGlobal
