
Microsoft Visual Studio Solution File, Format Version 12.00
# Visual Studio 15
VisualStudioVersion = 15.0.28307.271
MinimumVisualStudioVersion = 10.0.40219.1
Project("{FAE04EC0-301F-11D3-BF4B-00C04F79EFBC}") = "Homework11_1", "Homework11_1\Homework11_1.csproj", "{C53DBF65-FC69-4B10-88F2-C3996AA9A964}"
EndProject
Project("{FAE04EC0-301F-11D3-BF4B-00C04F79EFBC}") = "Homework11_2", "Homework11_2\Homework11_2.csproj", "{AAEC98DF-0F96-4D0B-BFEB-4A13C7FDCECA}"
EndProject
Global
	GlobalSection(SolutionConfigurationPlatforms) = preSolution
		Debug|Any CPU = Debug|Any CPU
		Release|Any CPU = Release|Any CPU
	EndGlobalSection
	GlobalSection(ProjectConfigurationPlatforms) = postSolution
		{C53DBF65-FC69-4B10-88F2-C3996AA9A964}.Debug|Any CPU.ActiveCfg = Debug|Any CPU
		{C53DBF65-FC69-4B10-88F2-C3996AA9A964}.Debug|Any CPU.Build.0 = Debug|Any CPU
		{C53DBF65-FC69-4B10-88F2-C3996AA9A964}.Release|Any CPU.ActiveCfg = Release|Any CPU
		{C53DBF65-FC69-4B10-88F2-C3996AA9A964}.Release|Any CPU.Build.0 = Release|Any CPU
		{AAEC98DF-0F96-4D0B-BFEB-4A13C7FDCECA}.Debug|Any CPU.ActiveCfg = Debug|Any CPU
		{AAEC98DF-0F96-4D0B-BFEB-4A13C7FDCECA}.Debug|Any CPU.Build.0 = Debug|Any CPU
		{AAEC98DF-0F96-4D0B-BFEB-4A13C7FDCECA}.Release|Any CPU.ActiveCfg = Release|Any CPU
		{AAEC98DF-0F96-4D0B-BFEB-4A13C7FDCECA}.Release|Any CPU.Build.0 = Release|Any CPU
	EndGlobalSection
	GlobalSection(SolutionProperties) = preSolution
		HideSolutionNode = FALSE
	EndGlobalSection
	GlobalSection(ExtensibilityGlobals) = postSolution
		SolutionGuid = {12E859FC-C8C1-4F08-B431-229724B4EA02}
	EndGlobalSection
EndGlobal
