
Microsoft Visual Studio Solution File, Format Version 12.00
# Visual Studio 15
VisualStudioVersion = 15.0.28307.271
MinimumVisualStudioVersion = 10.0.40219.1
Project("{FAE04EC0-301F-11D3-BF4B-00C04F79EFBC}") = "Homework08_Class_Structure", "Homework08_Class_Structure\Homework08_Class_Structure.csproj", "{C3B43EE4-98CF-412F-A6EF-A1B10F01B4A8}"
EndProject
Global
	GlobalSection(SolutionConfigurationPlatforms) = preSolution
		Debug|Any CPU = Debug|Any CPU
		Release|Any CPU = Release|Any CPU
	EndGlobalSection
	GlobalSection(ProjectConfigurationPlatforms) = postSolution
		{C3B43EE4-98CF-412F-A6EF-A1B10F01B4A8}.Debug|Any CPU.ActiveCfg = Debug|Any CPU
		{C3B43EE4-98CF-412F-A6EF-A1B10F01B4A8}.Debug|Any CPU.Build.0 = Debug|Any CPU
		{C3B43EE4-98CF-412F-A6EF-A1B10F01B4A8}.Release|Any CPU.ActiveCfg = Release|Any CPU
		{C3B43EE4-98CF-412F-A6EF-A1B10F01B4A8}.Release|Any CPU.Build.0 = Release|Any CPU
	EndGlobalSection
	GlobalSection(SolutionProperties) = preSolution
		HideSolutionNode = FALSE
	EndGlobalSection
	GlobalSection(ExtensibilityGlobals) = postSolution
		SolutionGuid = {948462B4-283C-4E27-82C9-121473A6DBAF}
	EndGlobalSection
EndGlobal
